
Microsoft Visual Studio Solution File, Format Version 12.00
# Visual Studio Version 17
VisualStudioVersion = 17.10.35027.167
MinimumVisualStudioVersion = 10.0.40219.1
Project("{9A19103F-16F7-4668-BE54-9A1E7A4F7556}") = "UserService", "UserService\UserService.csproj", "{93F9DB2D-EA6D-4A3B-8B08-6849E8B37028}"
EndProject
Project("{FAE04EC0-301F-11D3-BF4B-00C04F79EFBC}") = "PostService", "PostService\PostService.csproj", "{6BE8227A-1F58-4178-AEEA-4138D48B305C}"
EndProject
Global
	GlobalSection(SolutionConfigurationPlatforms) = preSolution
		Debug|Any CPU = Debug|Any CPU
		Release|Any CPU = Release|Any CPU
	EndGlobalSection
	GlobalSection(ProjectConfigurationPlatforms) = postSolution
		{93F9DB2D-EA6D-4A3B-8B08-6849E8B37028}.Debug|Any CPU.ActiveCfg = Debug|Any CPU
		{93F9DB2D-EA6D-4A3B-8B08-6849E8B37028}.Debug|Any CPU.Build.0 = Debug|Any CPU
		{93F9DB2D-EA6D-4A3B-8B08-6849E8B37028}.Release|Any CPU.ActiveCfg = Release|Any CPU
		{93F9DB2D-EA6D-4A3B-8B08-6849E8B37028}.Release|Any CPU.Build.0 = Release|Any CPU
		{6BE8227A-1F58-4178-AEEA-4138D48B305C}.Debug|Any CPU.ActiveCfg = Debug|Any CPU
		{6BE8227A-1F58-4178-AEEA-4138D48B305C}.Debug|Any CPU.Build.0 = Debug|Any CPU
		{6BE8227A-1F58-4178-AEEA-4138D48B305C}.Release|Any CPU.ActiveCfg = Release|Any CPU
		{6BE8227A-1F58-4178-AEEA-4138D48B305C}.Release|Any CPU.Build.0 = Release|Any CPU
	EndGlobalSection
	GlobalSection(SolutionProperties) = preSolution
		HideSolutionNode = FALSE
	EndGlobalSection
	GlobalSection(ExtensibilityGlobals) = postSolution
		SolutionGuid = {E5A36FA4-EF04-437C-98E0-AC3DECE86F44}
	EndGlobalSection
EndGlobal
